
Microsoft Visual Studio Solution File, Format Version 12.00
# Visual Studio Version 17
VisualStudioVersion = 17.3.32929.385
MinimumVisualStudioVersion = 10.0.40219.1
Project("{FAE04EC0-301F-11D3-BF4B-00C04F79EFBC}") = "ArrayExercises", "ArrayExercises\ArrayExercises.csproj", "{DC45B0C9-3DEB-49B0-AF51-F420AB869F45}"
EndProject
Global
	GlobalSection(SolutionConfigurationPlatforms) = preSolution
		Debug|Any CPU = Debug|Any CPU
		Release|Any CPU = Release|Any CPU
	EndGlobalSection
	GlobalSection(ProjectConfigurationPlatforms) = postSolution
		{DC45B0C9-3DEB-49B0-AF51-F420AB869F45}.Debug|Any CPU.ActiveCfg = Debug|Any CPU
		{DC45B0C9-3DEB-49B0-AF51-F420AB869F45}.Debug|Any CPU.Build.0 = Debug|Any CPU
		{DC45B0C9-3DEB-49B0-AF51-F420AB869F45}.Release|Any CPU.ActiveCfg = Release|Any CPU
		{DC45B0C9-3DEB-49B0-AF51-F420AB869F45}.Release|Any CPU.Build.0 = Release|Any CPU
	EndGlobalSection
	GlobalSection(SolutionProperties) = preSolution
		HideSolutionNode = FALSE
	EndGlobalSection
	GlobalSection(ExtensibilityGlobals) = postSolution
		SolutionGuid = {F255F33E-E538-42AE-B4DE-4F25024B2E25}
	EndGlobalSection
EndGlobal
